
Microsoft Visual Studio Solution File, Format Version 12.00
# Visual Studio Version 16
VisualStudioVersion = 16.0.30503.244
MinimumVisualStudioVersion = 10.0.40219.1
Project("{9A19103F-16F7-4668-BE54-9A1E7A4F7556}") = "task_6_7_8", "task_6_7_8\task_6_7_8.csproj", "{1E46494A-F174-41E2-AD2B-CEC013DE1C18}"
EndProject
Project("{9A19103F-16F7-4668-BE54-9A1E7A4F7556}") = "task_7", "task_7\task_7.csproj", "{59B24C30-9F4E-4E6B-9DFB-9DA41BB17897}"
EndProject
Project("{9A19103F-16F7-4668-BE54-9A1E7A4F7556}") = "task_8", "task_8\task_8.csproj", "{3676C469-4A08-48F6-901C-903D1FCCB9C1}"
EndProject
Global
	GlobalSection(SolutionConfigurationPlatforms) = preSolution
		Debug|Any CPU = Debug|Any CPU
		Release|Any CPU = Release|Any CPU
	EndGlobalSection
	GlobalSection(ProjectConfigurationPlatforms) = postSolution
		{1E46494A-F174-41E2-AD2B-CEC013DE1C18}.Debug|Any CPU.ActiveCfg = Debug|Any CPU
		{1E46494A-F174-41E2-AD2B-CEC013DE1C18}.Debug|Any CPU.Build.0 = Debug|Any CPU
		{1E46494A-F174-41E2-AD2B-CEC013DE1C18}.Release|Any CPU.ActiveCfg = Release|Any CPU
		{1E46494A-F174-41E2-AD2B-CEC013DE1C18}.Release|Any CPU.Build.0 = Release|Any CPU
		{59B24C30-9F4E-4E6B-9DFB-9DA41BB17897}.Debug|Any CPU.ActiveCfg = Debug|Any CPU
		{59B24C30-9F4E-4E6B-9DFB-9DA41BB17897}.Debug|Any CPU.Build.0 = Debug|Any CPU
		{59B24C30-9F4E-4E6B-9DFB-9DA41BB17897}.Release|Any CPU.ActiveCfg = Release|Any CPU
		{59B24C30-9F4E-4E6B-9DFB-9DA41BB17897}.Release|Any CPU.Build.0 = Release|Any CPU
		{3676C469-4A08-48F6-901C-903D1FCCB9C1}.Debug|Any CPU.ActiveCfg = Debug|Any CPU
		{3676C469-4A08-48F6-901C-903D1FCCB9C1}.Debug|Any CPU.Build.0 = Debug|Any CPU
		{3676C469-4A08-48F6-901C-903D1FCCB9C1}.Release|Any CPU.ActiveCfg = Release|Any CPU
		{3676C469-4A08-48F6-901C-903D1FCCB9C1}.Release|Any CPU.Build.0 = Release|Any CPU
	EndGlobalSection
	GlobalSection(SolutionProperties) = preSolution
		HideSolutionNode = FALSE
	EndGlobalSection
	GlobalSection(ExtensibilityGlobals) = postSolution
		SolutionGuid = {CDAAD620-EB83-4475-9971-5F1A958F75C1}
	EndGlobalSection
EndGlobal
